Microsoft Visual Studio Solution File, Format Version 12.00
# Visual Studio Version 17
VisualStudioVersion = 17.0.31903.59
MinimumVisualStudioVersion = 10.0.40219.1
Project("{FAE04EC0-301F-11D3-BF4B-00C04F79EFBC}") = "ConfiguredPricingMigration.Core", "ConfiguredPricingMigration.Core\ConfiguredPricingMigration.Core.csproj", "{B92794A2-48C7-4C0D-B1EE-8C1A0A31F54E}"
EndProject
Project("{FAE04EC0-301F-11D3-BF4B-00C04F79EFBC}") = "ConfiguredPricingMigration.UI", "ConfiguredPricingMigration.UI\ConfiguredPricingMigration.UI.csproj", "{D53ACF9D-24B8-4A2D-A36B-8FC87A504D8C}"
EndProject
Global
	GlobalSection(SolutionConfigurationPlatforms) = preSolution
		Debug|Any CPU = Debug|Any CPU
		Release|Any CPU = Release|Any CPU
	EndGlobalSection
	GlobalSection(ProjectConfigurationPlatforms) = postSolution
		{B92794A2-48C7-4C0D-B1EE-8C1A0A31F54E}.Debug|Any CPU.ActiveCfg = Debug|Any CPU
		{B92794A2-48C7-4C0D-B1EE-8C1A0A31F54E}.Debug|Any CPU.Build.0 = Debug|Any CPU
		{B92794A2-48C7-4C0D-B1EE-8C1A0A31F54E}.Release|Any CPU.ActiveCfg = Release|Any CPU
		{B92794A2-48C7-4C0D-B1EE-8C1A0A31F54E}.Release|Any CPU.Build.0 = Release|Any CPU
		{D53ACF9D-24B8-4A2D-A36B-8FC87A504D8C}.Debug|Any CPU.ActiveCfg = Debug|Any CPU
		{D53ACF9D-24B8-4A2D-A36B-8FC87A504D8C}.Debug|Any CPU.Build.0 = Debug|Any CPU
		{D53ACF9D-24B8-4A2D-A36B-8FC87A504D8C}.Release|Any CPU.ActiveCfg = Release|Any CPU
		{D53ACF9D-24B8-4A2D-A36B-8FC87A504D8C}.Release|Any CPU.Build.0 = Release|Any CPU
	EndGlobalSection
EndGlobal
